
Microsoft Visual Studio Solution File, Format Version 12.00
# Visual Studio Version 16
VisualStudioVersion = 16.0.32228.343
MinimumVisualStudioVersion = 10.0.40219.1
Project("{2150E333-8FDC-42A3-9474-1A3956D46DE8}") = "Solution Items", "Solution Items", "{F79B7B3E-76D8-4B3D-88ED-15947B216CE0}"
	ProjectSection(SolutionItems) = preProject
		README.md = README.md
	EndProjectSection
EndProject
Project("{FAE04EC0-301F-11D3-BF4B-00C04F79EFBC}") = "NovLab.Base", "..\NovLab.Base\NovLab.Base\NovLab.Base.csproj", "{E803285C-9E66-4DAB-8867-BCF2867898CB}"
EndProject
Project("{FAE04EC0-301F-11D3-BF4B-00C04F79EFBC}") = "NovLab.Windows.Forms", "..\NovLab.Windows.Forms\NovLab.Windows.Forms\NovLab.Windows.Forms.csproj", "{189ED2CA-0030-4FF9-879B-BE1172993A51}"
EndProject
Project("{FAE04EC0-301F-11D3-BF4B-00C04F79EFBC}") = "TestDebugStation", "TestDebugStation\TestDebugStation.csproj", "{80C189E5-64A6-4F73-8AF5-9DF2C4873208}"
EndProject
Global
	GlobalSection(SolutionConfigurationPlatforms) = preSolution
		Debug|Any CPU = Debug|Any CPU
		Release|Any CPU = Release|Any CPU
	EndGlobalSection
	GlobalSection(ProjectConfigurationPlatforms) = postSolution
		{E803285C-9E66-4DAB-8867-BCF2867898CB}.Debug|Any CPU.ActiveCfg = Debug|Any CPU
		{E803285C-9E66-4DAB-8867-BCF2867898CB}.Debug|Any CPU.Build.0 = Debug|Any CPU
		{E803285C-9E66-4DAB-8867-BCF2867898CB}.Release|Any CPU.ActiveCfg = Release|Any CPU
		{E803285C-9E66-4DAB-8867-BCF2867898CB}.Release|Any CPU.Build.0 = Release|Any CPU
		{189ED2CA-0030-4FF9-879B-BE1172993A51}.Debug|Any CPU.ActiveCfg = Debug|Any CPU
		{189ED2CA-0030-4FF9-879B-BE1172993A51}.Debug|Any CPU.Build.0 = Debug|Any CPU
		{189ED2CA-0030-4FF9-879B-BE1172993A51}.Release|Any CPU.ActiveCfg = Release|Any CPU
		{189ED2CA-0030-4FF9-879B-BE1172993A51}.Release|Any CPU.Build.0 = Release|Any CPU
		{80C189E5-64A6-4F73-8AF5-9DF2C4873208}.Debug|Any CPU.ActiveCfg = Debug|Any CPU
		{80C189E5-64A6-4F73-8AF5-9DF2C4873208}.Debug|Any CPU.Build.0 = Debug|Any CPU
		{80C189E5-64A6-4F73-8AF5-9DF2C4873208}.Release|Any CPU.ActiveCfg = Release|Any CPU
		{80C189E5-64A6-4F73-8AF5-9DF2C4873208}.Release|Any CPU.Build.0 = Release|Any CPU
	EndGlobalSection
	GlobalSection(SolutionProperties) = preSolution
		HideSolutionNode = FALSE
	EndGlobalSection
	GlobalSection(ExtensibilityGlobals) = postSolution
		SolutionGuid = {5A0E6D77-BC00-40DE-AE6C-8ACBF573D12C}
	EndGlobalSection
EndGlobal
